PODS:
  - Flutter (1.0.0)
  - native_device_orientation (0.0.1):
    - Flutter

DEPENDENCIES:
  - Flutter (from `Flutter`)
  - native_device_orientation (from `.symlinks/plugins/native_device_orientation/ios`)

EXTERNAL SOURCES:
  Flutter:
    :path: Flutter
  native_device_orientation:
    :path: ".symlinks/plugins/native_device_orientation/ios"

SPEC CHECKSUMS:
  Flutter: 0e3d915762c693b495b44d77113d4970485de6ec
  native_device_orientation: e24d00be281de72996640885d80e706142707660

PODFILE CHECKSUM: 1b66dae606f75376c5f2135a8290850eeb09ae83

COCOAPODS: 1.7.5
